// !$*UTF8*$!
{
	archiveVersion = 1;
	classes = {
	};
	objectVersion = 46;
	objects = {

/* Begin PBXBuildFile section */
		1CF75C561EBC6DDC00E9D736 /* AppDelegate.swift in Sources */ = {isa = PBXBuildFile; fileRef = 1CF75C551EBC6DDC00E9D736 /* AppDelegate.swift */; };
		1CF75C581EBC6DDC00E9D736 /* ViewController.swift in Sources */ = {isa = PBXBuildFile; fileRef = 1CF75C571EBC6DDC00E9D736 /* ViewController.swift */; };
		1CF75C5B1EBC6DDC00E9D736 /* Main.storyboard in Resources */ = {isa = PBXBuildFile; fileRef = 1CF75C591EBC6DDC00E9D736 /* Main.storyboard */; };
		1CF75C5D1EBC6DDC00E9D736 /* Assets.xcassets in Resources */ = {isa = PBXBuildFile; fileRef = 1CF75C5C1EBC6DDC00E9D736 /* Assets.xcassets */; };
		1CF75C601EBC6DDC00E9D736 /* LaunchScreen.storyboard in Resources */ = {isa = PBXBuildFile; fileRef = 1CF75C5E1EBC6DDC00E9D736 /* LaunchScreen.storyboard */; };
		1CF75C6E1EBC71EA00E9D736 /* AppDelegate.swift in Sources */ = {isa = PBXBuildFile; fileRef = 1CF75C6D1EBC71EA00E9D736 /* AppDelegate.swift */; };
		1CF75C701EBC71EA00E9D736 /* ViewController.swift in Sources */ = {isa = PBXBuildFile; fileRef = 1CF75C6F1EBC71EA00E9D736 /* ViewController.swift */; };
		1CF75C731EBC71EA00E9D736 /* Main.storyboard in Resources */ = {isa = PBXBuildFile; fileRef = 1CF75C711EBC71EA00E9D736 /* Main.storyboard */; };
		1CF75C751EBC71EA00E9D736 /* Assets.xcassets in Resources */ = {isa = PBXBuildFile; fileRef = 1CF75C741EBC71EA00E9D736 /* Assets.xcassets */; };
		1CF75C781EBC71EA00E9D736 /* LaunchScreen.storyboard in Resources */ = {isa = PBXBuildFile; fileRef = 1CF75C761EBC71EA00E9D736 /* LaunchScreen.storyboard */; };
/* End PBXBuildFile section */

/* Begin PBXFileReference section */
		1CF75C521EBC6DDC00E9D736 /* HSReplayHost.app */ = {isa = PBXFileReference; explicitFileType = wrapper.application; includeInIndex = 0; path = HSReplayHost.app; sourceTree = BUILT_PRODUCTS_DIR; };
		1CF75C551EBC6DDC00E9D736 /* AppDelegate.swift */ = {isa = PBXFileReference; lastKnownFileType = sourcecode.swift; path = AppDelegate.swift; sourceTree = "<group>"; };
		1CF75C571EBC6DDC00E9D736 /* ViewController.swift */ = {isa = PBXFileReference; lastKnownFileType = sourcecode.swift; path = ViewController.swift; sourceTree = "<group>"; };
		1CF75C5A1EBC6DDC00E9D736 /* Base */ = {isa = PBXFileReference; lastKnownFileType = file.storyboard; name = Base; path = Base.lproj/Main.storyboard; sourceTree = "<group>"; };
		1CF75C5C1EBC6DDC00E9D736 /* Assets.xcassets */ = {isa = PBXFileReference; lastKnownFileType = folder.assetcatalog; path = Assets.xcassets; sourceTree = "<group>"; };
		1CF75C5F1EBC6DDC00E9D736 /* Base */ = {isa = PBXFileReference; lastKnownFileType = file.storyboard; name = Base; path = Base.lproj/LaunchScreen.storyboard; sourceTree = "<group>"; };
		1CF75C611EBC6DDC00E9D736 /* Info.plist */ = {isa = PBXFileReference; lastKnownFileType = text.plist.xml; path = Info.plist; sourceTree = "<group>"; };
		1CF75C6B1EBC71EA00E9D736 /* HSReplayClient.app */ = {isa = PBXFileReference; explicitFileType = wrapper.application; includeInIndex = 0; path = HSReplayClient.app; sourceTree = BUILT_PRODUCTS_DIR; };
		1CF75C6D1EBC71EA00E9D736 /* AppDelegate.swift */ = {isa = PBXFileReference; lastKnownFileType = sourcecode.swift; path = AppDelegate.swift; sourceTree = "<group>"; };
		1CF75C6F1EBC71EA00E9D736 /* ViewController.swift */ = {isa = PBXFileReference; lastKnownFileType = sourcecode.swift; path = ViewController.swift; sourceTree = "<group>"; };
		1CF75C721EBC71EA00E9D736 /* Base */ = {isa = PBXFileReference; lastKnownFileType = file.storyboard; name = Base; path = Base.lproj/Main.storyboard; sourceTree = "<group>"; };
		1CF75C741EBC71EA00E9D736 /* Assets.xcassets */ = {isa = PBXFileReference; lastKnownFileType = folder.assetcatalog; path = Assets.xcassets; sourceTree = "<group>"; };
		1CF75C771EBC71EA00E9D736 /* Base */ = {isa = PBXFileReference; lastKnownFileType = file.storyboard; name = Base; path = Base.lproj/LaunchScreen.storyboard; sourceTree = "<group>"; };
		1CF75C791EBC71EA00E9D736 /* Info.plist */ = {isa = PBXFileReference; lastKnownFileType = text.plist.xml; path = Info.plist; sourceTree = "<group>"; };
/* End PBXFileReference section */

/* Begin PBXFrameworksBuildPhase section */
		1CF75C4F1EBC6DDC00E9D736 /* Frameworks */ = {
			isa = PBXFrameworksBuildPhase;
			buildActionMask = 2147483647;
			files = (
			);
			runOnlyForDeploymentPostprocessing = 0;
		};
		1CF75C681EBC71EA00E9D736 /* Frameworks */ = {
			isa = PBXFrameworksBuildPhase;
			buildActionMask = 2147483647;
			files = (
			);
			runOnlyForDeploymentPostprocessing = 0;
		};
/* End PBXFrameworksBuildPhase section */

/* Begin PBXGroup section */
		1CF75C491EBC6DDC00E9D736 = {
			isa = PBXGroup;
			children = (
				1CF75C541EBC6DDC00E9D736 /* HSReplayHost */,
				1CF75C6C1EBC71EA00E9D736 /* HSReplayClient */,
				1CF75C531EBC6DDC00E9D736 /* Products */,
			);
			sourceTree = "<group>";
		};
		1CF75C531EBC6DDC00E9D736 /* Products */ = {
			isa = PBXGroup;
			children = (
				1CF75C521EBC6DDC00E9D736 /* HSReplayHost.app */,
				1CF75C6B1EBC71EA00E9D736 /* HSReplayClient.app */,
			);
			name = Products;
			sourceTree = "<group>";
		};
		1CF75C541EBC6DDC00E9D736 /* HSReplayHost */ = {
			isa = PBXGroup;
			children = (
				1CF75C551EBC6DDC00E9D736 /* AppDelegate.swift */,
				1CF75C571EBC6DDC00E9D736 /* ViewController.swift */,
				1CF75C591EBC6DDC00E9D736 /* Main.storyboard */,
				1CF75C5C1EBC6DDC00E9D736 /* Assets.xcassets */,
				1CF75C5E1EBC6DDC00E9D736 /* LaunchScreen.storyboard */,
				1CF75C611EBC6DDC00E9D736 /* Info.plist */,
			);
			path = HSReplayHost;
			sourceTree = "<group>";
		};
		1CF75C6C1EBC71EA00E9D736 /* HSReplayClient */ = {
			isa = PBXGroup;
			children = (
				1CF75C6D1EBC71EA00E9D736 /* AppDelegate.swift */,
				1CF75C6F1EBC71EA00E9D736 /* ViewController.swift */,
				1CF75C711EBC71EA00E9D736 /* Main.storyboard */,
				1CF75C741EBC71EA00E9D736 /* Assets.xcassets */,
				1CF75C761EBC71EA00E9D736 /* LaunchScreen.storyboard */,
				1CF75C791EBC71EA00E9D736 /* Info.plist */,
			);
			path = HSReplayClient;
			sourceTree = "<group>";
		};
/* End PBXGroup section */

/* Begin PBXNativeTarget section */
		1CF75C511EBC6DDC00E9D736 /* HSReplayHost */ = {
			isa = PBXNativeTarget;
			buildConfigurationList = 1CF75C641EBC6DDC00E9D736 /* Build configuration list for PBXNativeTarget "HSReplayHost" */;
			buildPhases = (
				1CF75C4E1EBC6DDC00E9D736 /* Sources */,
				1CF75C4F1EBC6DDC00E9D736 /* Frameworks */,
				1CF75C501EBC6DDC00E9D736 /* Resources */,
			);
			buildRules = (
			);
			dependencies = (
			);
			name = HSReplayHost;
			productName = IOSDataSharing;
			productReference = 1CF75C521EBC6DDC00E9D736 /* HSReplayHost.app */;
			productType = "com.apple.product-type.application";
		};
		1CF75C6A1EBC71EA00E9D736 /* HSReplayClient */ = {
			isa = PBXNativeTarget;
			buildConfigurationList = 1CF75C7A1EBC71EA00E9D736 /* Build configuration list for PBXNativeTarget "HSReplayClient" */;
			buildPhases = (
				1CF75C671EBC71EA00E9D736 /* Sources */,
				1CF75C681EBC71EA00E9D736 /* Frameworks */,
				1CF75C691EBC71EA00E9D736 /* Resources */,
			);
			buildRules = (
			);
			dependencies = (
			);
			name = HSReplayClient;
			productName = HSReplayClient;
			productReference = 1CF75C6B1EBC71EA00E9D736 /* HSReplayClient.app */;
			productType = "com.apple.product-type.application";
		};
/* End PBXNativeTarget section */

/* Begin PBXProject section */
		1CF75C4A1EBC6DDC00E9D736 /* Project object */ = {
			isa = PBXProject;
			attributes = {
				LastSwiftUpdateCheck = 0830;
				LastUpgradeCheck = 0830;
				ORGANIZATIONNAME = "Istvan Fehervari";
				TargetAttributes = {
					1CF75C511EBC6DDC00E9D736 = {
						CreatedOnToolsVersion = 8.3.2;
						DevelopmentTeam = 4CMHE2BMG4;
						ProvisioningStyle = Automatic;
					};
					1CF75C6A1EBC71EA00E9D736 = {
						CreatedOnToolsVersion = 8.3.2;
						ProvisioningStyle = Automatic;
					};
				};
			};
			buildConfigurationList = 1CF75C4D1EBC6DDC00E9D736 /* Build configuration list for PBXProject "IOSDataSharing" */;
			compatibilityVersion = "Xcode 3.2";
			developmentRegion = English;
			hasScannedForEncodings = 0;
			knownRegions = (
				en,
				Base,
			);
			mainGroup = 1CF75C491EBC6DDC00E9D736;
			productRefGroup = 1CF75C531EBC6DDC00E9D736 /* Products */;
			projectDirPath = "";
			projectRoot = "";
			targets = (
				1CF75C511EBC6DDC00E9D736 /* HSReplayHost */,
				1CF75C6A1EBC71EA00E9D736 /* HSReplayClient */,
			);
		};
/* End PBXProject section */

/* Begin PBXResourcesBuildPhase section */
		1CF75C501EBC6DDC00E9D736 /* Resources */ = {
			isa = PBXResourcesBuildPhase;
			buildActionMask = 2147483647;
			files = (
				1CF75C601EBC6DDC00E9D736 /* LaunchScreen.storyboard in Resources */,
				1CF75C5D1EBC6DDC00E9D736 /* Assets.xcassets in Resources */,
				1CF75C5B1EBC6DDC00E9D736 /* Main.storyboard in Resources */,
			);
			runOnlyForDeploymentPostprocessing = 0;
		};
		1CF75C691EBC71EA00E9D736 /* Resources */ = {
			isa = PBXResourcesBuildPhase;
			buildActionMask = 2147483647;
			files = (
				1CF75C781EBC71EA00E9D736 /* LaunchScreen.storyboard in Resources */,
				1CF75C751EBC71EA00E9D736 /* Assets.xcassets in Resources */,
				1CF75C731EBC71EA00E9D736 /* Main.storyboard in Resources */,
			);
			runOnlyForDeploymentPostprocessing = 0;
		};
/* End PBXResourcesBuildPhase section */

/* Begin PBXSourcesBuildPhase section */
		1CF75C4E1EBC6DDC00E9D736 /* Sources */ = {
			isa = PBXSourcesBuildPhase;
			buildActionMask = 2147483647;
			files = (
				1CF75C581EBC6DDC00E9D736 /* ViewController.swift in Sources */,
				1CF75C561EBC6DDC00E9D736 /* AppDelegate.swift in Sources */,
			);
			runOnlyForDeploymentPostprocessing = 0;
		};
		1CF75C671EBC71EA00E9D736 /* Sources */ = {
			isa = PBXSourcesBuildPhase;
			buildActionMask = 2147483647;
			files = (
				1CF75C701EBC71EA00E9D736 /* ViewController.swift in Sources */,
				1CF75C6E1EBC71EA00E9D736 /* AppDelegate.swift in Sources */,
			);
			runOnlyForDeploymentPostprocessing = 0;
		};
/* End PBXSourcesBuildPhase section */

/* Begin PBXVariantGroup section */
		1CF75C591EBC6DDC00E9D736 /* Main.storyboard */ = {
			isa = PBXVariantGroup;
			children = (
				1CF75C5A1EBC6DDC00E9D736 /* Base */,
			);
			name = Main.storyboard;
			sourceTree = "<group>";
		};
		1CF75C5E1EBC6DDC00E9D736 /* LaunchScreen.storyboard */ = {
			isa = PBXVariantGroup;
			children = (
				1CF75C5F1EBC6DDC00E9D736 /* Base */,
			);
			name = LaunchScreen.storyboard;
			sourceTree = "<group>";
		};
		1CF75C711EBC71EA00E9D736 /* Main.storyboard */ = {
			isa = PBXVariantGroup;
			children = (
				1CF75C721EBC71EA00E9D736 /* Base */,
			);
			name = Main.storyboard;
			sourceTree = "<group>";
		};
		1CF75C761EBC71EA00E9D736 /* LaunchScreen.storyboard */ = {
			isa = PBXVariantGroup;
			children = (
				1CF75C771EBC71EA00E9D736 /* Base */,
			);
			name = LaunchScreen.storyboard;
			sourceTree = "<group>";
		};
/* End PBXVariantGroup section */

/* Begin XCBuildConfiguration section */
		1CF75C621EBC6DDC00E9D736 /* Debug */ = {
			isa = XCBuildConfiguration;
			buildSettings = {
				ALWAYS_SEARCH_USER_PATHS = NO;
				CLANG_ANALYZER_NONNULL = YES;
				CLANG_ANALYZER_NUMBER_OBJECT_CONVERSION = YES_AGGRESSIVE;
				CLANG_CXX_LANGUAGE_STANDARD = "gnu++0x";
				CLANG_CXX_LIBRARY = "libc++";
				CLANG_ENABLE_MODULES = YES;
				CLANG_ENABLE_OBJC_ARC = YES;
				CLANG_WARN_BOOL_CONVERSION = YES;
				CLANG_WARN_CONSTANT_CONVERSION = YES;
				CLANG_WARN_DIRECT_OBJC_ISA_USAGE = YES_ERROR;
				CLANG_WARN_DOCUMENTATION_COMMENTS = YES;
				CLANG_WARN_EMPTY_BODY = YES;
				CLANG_WARN_ENUM_CONVERSION = YES;
				CLANG_WARN_INFINITE_RECURSION = YES;
				CLANG_WARN_INT_CONVERSION = YES;
				CLANG_WARN_OBJC_ROOT_CLASS = YES_ERROR;
				CLANG_WARN_SUSPICIOUS_MOVE = YES;
				CLANG_WARN_UNREACHABLE_CODE = YES;
				CLANG_WARN__DUPLICATE_METHOD_MATCH = YES;
				"CODE_SIGN_IDENTITY[sdk=iphoneos*]" = "iPhone Developer";
				COPY_PHASE_STRIP = NO;
				DEBUG_INFORMATION_FORMAT = dwarf;
				ENABLE_STRICT_OBJC_MSGSEND = YES;
				ENABLE_TESTABILITY = YES;
				GCC_C_LANGUAGE_STANDARD = gnu99;
				GCC_DYNAMIC_NO_PIC = NO;
				GCC_NO_COMMON_BLOCKS = YES;
				GCC_OPTIMIZATION_LEVEL = 0;
				GCC_PREPROCESSOR_DEFINITIONS = (
					"DEBUG=1",
					"$(inherited)",
				);
				GCC_WARN_64_TO_32_BIT_CONVERSION = YES;
				GCC_WARN_ABOUT_RETURN_TYPE = YES_ERROR;
				GCC_WARN_UNDECLARED_SELECTOR = YES;
				GCC_WARN_UNINITIALIZED_AUTOS = YES_AGGRESSIVE;
				GCC_WARN_UNUSED_FUNCTION = YES;
				GCC_WARN_UNUSED_VARIABLE = YES;
				IPHONEOS_DEPLOYMENT_TARGET = 10.3;
				MTL_ENABLE_DEBUG_INFO = YES;
				ONLY_ACTIVE_ARCH = YES;
				SDKROOT = iphoneos;
				SWIFT_ACTIVE_COMPILATION_CONDITIONS = DEBUG;
				SWIFT_OPTIMIZATION_LEVEL = "-Onone";
				TARGETED_DEVICE_FAMILY = "1,2";
			};
			name = Debug;
		};
		1CF75C631EBC6DDC00E9D736 /* Release */ = {
			isa = XCBuildConfiguration;
			buildSettings = {
				ALWAYS_SEARCH_USER_PATHS = NO;
				CLANG_ANALYZER_NONNULL = YES;
				CLANG_ANALYZER_NUMBER_OBJECT_CONVERSION = YES_AGGRESSIVE;
				CLANG_CXX_LANGUAGE_STANDARD = "gnu++0x";
				CLANG_CXX_LIBRARY = "libc++";
				CLANG_ENABLE_MODULES = YES;
				CLANG_ENABLE_OBJC_ARC = YES;
				CLANG_WARN_BOOL_CONVERSION = YES;
				CLANG_WARN_CONSTANT_CONVERSION = YES;
				CLANG_WARN_DIRECT_OBJC_ISA_USAGE = YES_ERROR;
				CLANG_WARN_DOCUMENTATION_COMMENTS = YES;
				CLANG_WARN_EMPTY_BODY = YES;
				CLANG_WARN_ENUM_CONVERSION = YES;
				CLANG_WARN_INFINITE_RECURSION = YES;
				CLANG_WARN_INT_CONVERSION = YES;
				CLANG_WARN_OBJC_ROOT_CLASS = YES_ERROR;
				CLANG_WARN_SUSPICIOUS_MOVE = YES;
				CLANG_WARN_UNREACHABLE_CODE = YES;
				CLANG_WARN__DUPLICATE_METHOD_MATCH = YES;
				"CODE_SIGN_IDENTITY[sdk=iphoneos*]" = "iPhone Developer";
				COPY_PHASE_STRIP = NO;
				DEBUG_INFORMATION_FORMAT = "dwarf-with-dsym";
				ENABLE_NS_ASSERTIONS = NO;
				ENABLE_STRICT_OBJC_MSGSEND = YES;
				GCC_C_LANGUAGE_STANDARD = gnu99;
				GCC_NO_COMMON_BLOCKS = YES;
				GCC_WARN_64_TO_32_BIT_CONVERSION = YES;
				GCC_WARN_ABOUT_RETURN_TYPE = YES_ERROR;
				GCC_WARN_UNDECLARED_SELECTOR = YES;
				GCC_WARN_UNINITIALIZED_AUTOS = YES_AGGRESSIVE;
				GCC_WARN_UNUSED_FUNCTION = YES;
				GCC_WARN_UNUSED_VARIABLE = YES;
				IPHONEOS_DEPLOYMENT_TARGET = 10.3;
				MTL_ENABLE_DEBUG_INFO = NO;
				SDKROOT = iphoneos;
				SWIFT_OPTIMIZATION_LEVEL = "-Owholemodule";
				TARGETED_DEVICE_FAMILY = "1,2";
				VALIDATE_PRODUCT = YES;
			};
			name = Release;
		};
		1CF75C651EBC6DDC00E9D736 /* Debug */ = {
			isa = XCBuildConfiguration;
			buildSettings = {
				ASSETCATALOG_COMPILER_APPICON_NAME = AppIcon;
				"CODE_SIGN_IDENTITY[sdk=iphoneos*]" = "iPhone Developer";
				DEVELOPMENT_TEAM = 4CMHE2BMG4;
				INFOPLIST_FILE = "$(SRCROOT)/HSReplayHost/Info.plist";
				IPHONEOS_DEPLOYMENT_TARGET = 8.0;
				LD_RUNPATH_SEARCH_PATHS = "$(inherited) @executable_path/Frameworks";
				PRODUCT_BUNDLE_IDENTIFIER = com.ifehervari.HSReplayHost;
				PRODUCT_NAME = "$(TARGET_NAME)";
				PROVISIONING_PROFILE_SPECIFIER = "";
				SWIFT_VERSION = 3.0;
			};
			name = Debug;
		};
		1CF75C661EBC6DDC00E9D736 /* Release */ = {
			isa = XCBuildConfiguration;
			buildSettings = {
				ASSETCATALOG_COMPILER_APPICON_NAME = AppIcon;
				"CODE_SIGN_IDENTITY[sdk=iphoneos*]" = "iPhone Developer";
				DEVELOPMENT_TEAM = 4CMHE2BMG4;
				INFOPLIST_FILE = "$(SRCROOT)/HSReplayHost/Info.plist";
				IPHONEOS_DEPLOYMENT_TARGET = 8.0;
				LD_RUNPATH_SEARCH_PATHS = "$(inherited) @executable_path/Frameworks";
				PRODUCT_BUNDLE_IDENTIFIER = com.ifehervari.HSReplayHost;
				PRODUCT_NAME = "$(TARGET_NAME)";
				PROVISIONING_PROFILE_SPECIFIER = "";
				SWIFT_VERSION = 3.0;
			};
			name = Release;
		};
		1CF75C7B1EBC71EA00E9D736 /* Debug */ = {
			isa = XCBuildConfiguration;
			buildSettings = {
				ASSETCATALOG_COMPILER_APPICON_NAME = AppIcon;
				INFOPLIST_FILE = HSReplayClient/Info.plist;
				LD_RUNPATH_SEARCH_PATHS = "$(inherited) @executable_path/Frameworks";
				PRODUCT_BUNDLE_IDENTIFIER = com.ifehervari.HSReplayClient;
				PRODUCT_NAME = "$(TARGET_NAME)";
				SWIFT_VERSION = 3.0;
			};
			name = Debug;
		};
		1CF75C7C1EBC71EA00E9D736 /* Release */ = {
			isa = XCBuildConfiguration;
			buildSettings = {
				ASSETCATALOG_COMPILER_APPICON_NAME = AppIcon;
				INFOPLIST_FILE = HSReplayClient/Info.plist;
				LD_RUNPATH_SEARCH_PATHS = "$(inherited) @executable_path/Frameworks";
				PRODUCT_BUNDLE_IDENTIFIER = com.ifehervari.HSReplayClient;
				PRODUCT_NAME = "$(TARGET_NAME)";
				SWIFT_VERSION = 3.0;
			};
			name = Release;
		};
/* End XCBuildConfiguration section */

/* Begin XCConfigurationList section */
		1CF75C4D1EBC6DDC00E9D736 /* Build configuration list for PBXProject "IOSDataSharing" */ = {
			isa = XCConfigurationList;
			buildConfigurations = (
				1CF75C621EBC6DDC00E9D736 /* Debug */,
				1CF75C631EBC6DDC00E9D736 /* Release */,
			);
			defaultConfigurationIsVisible = 0;
			defaultConfigurationName = Release;
		};
		1CF75C641EBC6DDC00E9D736 /* Build configuration list for PBXNativeTarget "HSReplayHost" */ = {
			isa = XCConfigurationList;
			buildConfigurations = (
				1CF75C651EBC6DDC00E9D736 /* Debug */,
				1CF75C661EBC6DDC00E9D736 /* Release */,
			);
			defaultConfigurationIsVisible = 0;
		};
		1CF75C7A1EBC71EA00E9D736 /* Build configuration list for PBXNativeTarget "HSReplayClient" */ = {
			isa = XCConfigurationList;
			buildConfigurations = (
				1CF75C7B1EBC71EA00E9D736 /* Debug */,
				1CF75C7C1EBC71EA00E9D736 /* Release */,
			);
			defaultConfigurationIsVisible = 0;
		};
/* End XCConfigurationList section */
	};
	rootObject = 1CF75C4A1EBC6DDC00E9D736 /* Project object */;
}
